// !$*UTF8*$!
{
	archiveVersion = 1;
	classes = {
	};
	objectVersion = 50;
	objects = {

/* Begin PBXBuildFile section */
		1557785A2159F390008D8B9F /* Alerts.swift in Sources */ = {isa = PBXBuildFile; fileRef = 155778592159F390008D8B9F /* Alerts.swift */; };
		15C79F2B2106551C006AB4A9 /* AppDelegate.swift in Sources */ = {isa = PBXBuildFile; fileRef = 15C79F2A2106551C006AB4A9 /* AppDelegate.swift */; };
		15C79F2D2106551C006AB4A9 /* GameScene.sks in Resources */ = {isa = PBXBuildFile; fileRef = 15C79F2C2106551C006AB4A9 /* GameScene.sks */; };
		15C79F2F2106551C006AB4A9 /* Actions.sks in Resources */ = {isa = PBXBuildFile; fileRef = 15C79F2E2106551C006AB4A9 /* Actions.sks */; };
		15C79F312106551C006AB4A9 /* GameScene.swift in Sources */ = {isa = PBXBuildFile; fileRef = 15C79F302106551C006AB4A9 /* GameScene.swift */; };
		15C79F332106551C006AB4A9 /* GameViewController.swift in Sources */ = {isa = PBXBuildFile; fileRef = 15C79F322106551C006AB4A9 /* GameViewController.swift */; };
		15C79F362106551C006AB4A9 /* Main.storyboard in Resources */ = {isa = PBXBuildFile; fileRef = 15C79F342106551C006AB4A9 /* Main.storyboard */; };
		15C79F382106551D006AB4A9 /* Assets.xcassets in Resources */ = {isa = PBXBuildFile; fileRef = 15C79F372106551D006AB4A9 /* Assets.xcassets */; };
		15C79F3B2106551D006AB4A9 /* LaunchScreen.storyboard in Resources */ = {isa = PBXBuildFile; fileRef = 15C79F392106551D006AB4A9 /* LaunchScreen.storyboard */; };
		15C79F462106551E006AB4A9 /* MyGameTests.swift in Sources */ = {isa = PBXBuildFile; fileRef = 15C79F452106551E006AB4A9 /* MyGameTests.swift */; };
		15C79F512106551E006AB4A9 /* MyGameUITests.swift in Sources */ = {isa = PBXBuildFile; fileRef = 15C79F502106551E006AB4A9 /* MyGameUITests.swift */; };
/* End PBXBuildFile section */

/* Begin PBXContainerItemProxy section */
		15C79F422106551E006AB4A9 /* PBXContainerItemProxy */ = {
			isa = PBXContainerItemProxy;
			containerPortal = 15C79F1F2106551C006AB4A9 /* Project object */;
			proxyType = 1;
			remoteGlobalIDString = 15C79F262106551C006AB4A9;
			remoteInfo = MyGame;
		};
		15C79F4D2106551E006AB4A9 /* PBXContainerItemProxy */ = {
			isa = PBXContainerItemProxy;
			containerPortal = 15C79F1F2106551C006AB4A9 /* Project object */;
			proxyType = 1;
			remoteGlobalIDString = 15C79F262106551C006AB4A9;
			remoteInfo = MyGame;
		};
/* End PBXContainerItemProxy section */

/* Begin PBXFileReference section */
		155778592159F390008D8B9F /* Alerts.swift */ = {isa = PBXFileReference; lastKnownFileType = sourcecode.swift; path = Alerts.swift; sourceTree = "<group>"; };
		15C79F272106551C006AB4A9 /* MyGame.app */ = {isa = PBXFileReference; explicitFileType = wrapper.application; includeInIndex = 0; path = MyGame.app; sourceTree = BUILT_PRODUCTS_DIR; };
		15C79F2A2106551C006AB4A9 /* AppDelegate.swift */ = {isa = PBXFileReference; lastKnownFileType = sourcecode.swift; path = AppDelegate.swift; sourceTree = "<group>"; };
		15C79F2C2106551C006AB4A9 /* GameScene.sks */ = {isa = PBXFileReference; lastKnownFileType = file.sks; path = GameScene.sks; sourceTree = "<group>"; };
		15C79F2E2106551C006AB4A9 /* Actions.sks */ = {isa = PBXFileReference; lastKnownFileType = file.sks; path = Actions.sks; sourceTree = "<group>"; };
		15C79F302106551C006AB4A9 /* GameScene.swift */ = {isa = PBXFileReference; lastKnownFileType = sourcecode.swift; path = GameScene.swift; sourceTree = "<group>"; };
		15C79F322106551C006AB4A9 /* GameViewController.swift */ = {isa = PBXFileReference; lastKnownFileType = sourcecode.swift; path = GameViewController.swift; sourceTree = "<group>"; };
		15C79F352106551C006AB4A9 /* Base */ = {isa = PBXFileReference; lastKnownFileType = file.storyboard; name = Base; path = Base.lproj/Main.storyboard; sourceTree = "<group>"; };
		15C79F372106551D006AB4A9 /* Assets.xcassets */ = {isa = PBXFileReference; lastKnownFileType = folder.assetcatalog; path = Assets.xcassets; sourceTree = "<group>"; };
		15C79F3A2106551D006AB4A9 /* Base */ = {isa = PBXFileReference; lastKnownFileType = file.storyboard; name = Base; path = Base.lproj/LaunchScreen.storyboard; sourceTree = "<group>"; };
		15C79F3C2106551D006AB4A9 /* Info.plist */ = {isa = PBXFileReference; lastKnownFileType = text.plist.xml; path = Info.plist; sourceTree = "<group>"; };
		15C79F412106551E006AB4A9 /* MyGameTests.xctest */ = {isa = PBXFileReference; explicitFileType = wrapper.cfbundle; includeInIndex = 0; path = MyGameTests.xctest; sourceTree = BUILT_PRODUCTS_DIR; };
		15C79F452106551E006AB4A9 /* MyGameTests.swift */ = {isa = PBXFileReference; lastKnownFileType = sourcecode.swift; path = MyGameTests.swift; sourceTree = "<group>"; };
		15C79F472106551E006AB4A9 /* Info.plist */ = {isa = PBXFileReference; lastKnownFileType = text.plist.xml; path = Info.plist; sourceTree = "<group>"; };
		15C79F4C2106551E006AB4A9 /* MyGameUITests.xctest */ = {isa = PBXFileReference; explicitFileType = wrapper.cfbundle; includeInIndex = 0; path = MyGameUITests.xctest; sourceTree = BUILT_PRODUCTS_DIR; };
		15C79F502106551E006AB4A9 /* MyGameUITests.swift */ = {isa = PBXFileReference; lastKnownFileType = sourcecode.swift; path = MyGameUITests.swift; sourceTree = "<group>"; };
		15C79F522106551E006AB4A9 /* Info.plist */ = {isa = PBXFileReference; lastKnownFileType = text.plist.xml; path = Info.plist; sourceTree = "<group>"; };
/* End PBXFileReference section */

/* Begin PBXFrameworksBuildPhase section */
		15C79F242106551C006AB4A9 /* Frameworks */ = {
			isa = PBXFrameworksBuildPhase;
			buildActionMask = 2147483647;
			files = (
			);
			runOnlyForDeploymentPostprocessing = 0;
		};
		15C79F3E2106551E006AB4A9 /* Frameworks */ = {
			isa = PBXFrameworksBuildPhase;
			buildActionMask = 2147483647;
			files = (
			);
			runOnlyForDeploymentPostprocessing = 0;
		};
		15C79F492106551E006AB4A9 /* Frameworks */ = {
			isa = PBXFrameworksBuildPhase;
			buildActionMask = 2147483647;
			files = (
			);
			runOnlyForDeploymentPostprocessing = 0;
		};
/* End PBXFrameworksBuildPhase section */

/* Begin PBXGroup section */
		15C79F1E2106551C006AB4A9 = {
			isa = PBXGroup;
			children = (
				15C79F292106551C006AB4A9 /* MyGame */,
				15C79F442106551E006AB4A9 /* MyGameTests */,
				15C79F4F2106551E006AB4A9 /* MyGameUITests */,
				15C79F282106551C006AB4A9 /* Products */,
			);
			sourceTree = "<group>";
		};
		15C79F282106551C006AB4A9 /* Products */ = {
			isa = PBXGroup;
			children = (
				15C79F272106551C006AB4A9 /* MyGame.app */,
				15C79F412106551E006AB4A9 /* MyGameTests.xctest */,
				15C79F4C2106551E006AB4A9 /* MyGameUITests.xctest */,
			);
			name = Products;
			sourceTree = "<group>";
		};
		15C79F292106551C006AB4A9 /* MyGame */ = {
			isa = PBXGroup;
			children = (
				15C79F2A2106551C006AB4A9 /* AppDelegate.swift */,
				15C79F2C2106551C006AB4A9 /* GameScene.sks */,
				15C79F2E2106551C006AB4A9 /* Actions.sks */,
				15C79F302106551C006AB4A9 /* GameScene.swift */,
				15C79F322106551C006AB4A9 /* GameViewController.swift */,
				15C79F342106551C006AB4A9 /* Main.storyboard */,
				15C79F372106551D006AB4A9 /* Assets.xcassets */,
				15C79F392106551D006AB4A9 /* LaunchScreen.storyboard */,
				15C79F3C2106551D006AB4A9 /* Info.plist */,
				155778592159F390008D8B9F /* Alerts.swift */,
			);
			path = MyGame;
			sourceTree = "<group>";
		};
		15C79F442106551E006AB4A9 /* MyGameTests */ = {
			isa = PBXGroup;
			children = (
				15C79F452106551E006AB4A9 /* MyGameTests.swift */,
				15C79F472106551E006AB4A9 /* Info.plist */,
			);
			path = MyGameTests;
			sourceTree = "<group>";
		};
		15C79F4F2106551E006AB4A9 /* MyGameUITests */ = {
			isa = PBXGroup;
			children = (
				15C79F502106551E006AB4A9 /* MyGameUITests.swift */,
				15C79F522106551E006AB4A9 /* Info.plist */,
			);
			path = MyGameUITests;
			sourceTree = "<group>";
		};
/* End PBXGroup section */

/* Begin PBXNativeTarget section */
		15C79F262106551C006AB4A9 /* MyGame */ = {
			isa = PBXNativeTarget;
			buildConfigurationList = 15C79F552106551E006AB4A9 /* Build configuration list for PBXNativeTarget "MyGame" */;
			buildPhases = (
				15C79F232106551C006AB4A9 /* Sources */,
				15C79F242106551C006AB4A9 /* Frameworks */,
				15C79F252106551C006AB4A9 /* Resources */,
			);
			buildRules = (
			);
			dependencies = (
			);
			name = MyGame;
			productName = MyGame;
			productReference = 15C79F272106551C006AB4A9 /* MyGame.app */;
			productType = "com.apple.product-type.application";
		};
		15C79F402106551E006AB4A9 /* MyGameTests */ = {
			isa = PBXNativeTarget;
			buildConfigurationList = 15C79F582106551E006AB4A9 /* Build configuration list for PBXNativeTarget "MyGameTests" */;
			buildPhases = (
				15C79F3D2106551E006AB4A9 /* Sources */,
				15C79F3E2106551E006AB4A9 /* Frameworks */,
				15C79F3F2106551E006AB4A9 /* Resources */,
			);
			buildRules = (
			);
			dependencies = (
				15C79F432106551E006AB4A9 /* PBXTargetDependency */,
			);
			name = MyGameTests;
			productName = MyGameTests;
			productReference = 15C79F412106551E006AB4A9 /* MyGameTests.xctest */;
			productType = "com.apple.product-type.bundle.unit-test";
		};
		15C79F4B2106551E006AB4A9 /* MyGameUITests */ = {
			isa = PBXNativeTarget;
			buildConfigurationList = 15C79F5B2106551E006AB4A9 /* Build configuration list for PBXNativeTarget "MyGameUITests" */;
			buildPhases = (
				15C79F482106551E006AB4A9 /* Sources */,
				15C79F492106551E006AB4A9 /* Frameworks */,
				15C79F4A2106551E006AB4A9 /* Resources */,
			);
			buildRules = (
			);
			dependencies = (
				15C79F4E2106551E006AB4A9 /* PBXTargetDependency */,
			);
			name = MyGameUITests;
			productName = MyGameUITests;
			productReference = 15C79F4C2106551E006AB4A9 /* MyGameUITests.xctest */;
			productType = "com.apple.product-type.bundle.ui-testing";
		};
/* End PBXNativeTarget section */

/* Begin PBXProject section */
		15C79F1F2106551C006AB4A9 /* Project object */ = {
			isa = PBXProject;
			attributes = {
				LastSwiftUpdateCheck = 0940;
				LastUpgradeCheck = 0940;
				ORGANIZATIONNAME = "Duy Pham";
				TargetAttributes = {
					15C79F262106551C006AB4A9 = {
						CreatedOnToolsVersion = 9.4.1;
						LastSwiftMigration = 1000;
					};
					15C79F402106551E006AB4A9 = {
						CreatedOnToolsVersion = 9.4.1;
						LastSwiftMigration = 1000;
						TestTargetID = 15C79F262106551C006AB4A9;
					};
					15C79F4B2106551E006AB4A9 = {
						CreatedOnToolsVersion = 9.4.1;
						LastSwiftMigration = 1000;
						TestTargetID = 15C79F262106551C006AB4A9;
					};
				};
			};
			buildConfigurationList = 15C79F222106551C006AB4A9 /* Build configuration list for PBXProject "MyGame" */;
			compatibilityVersion = "Xcode 9.3";
			developmentRegion = en;
			hasScannedForEncodings = 0;
			knownRegions = (
				en,
				Base,
			);
			mainGroup = 15C79F1E2106551C006AB4A9;
			productRefGroup = 15C79F282106551C006AB4A9 /* Products */;
			projectDirPath = "";
			projectRoot = "";
			targets = (
				15C79F262106551C006AB4A9 /* MyGame */,
				15C79F402106551E006AB4A9 /* MyGameTests */,
				15C79F4B2106551E006AB4A9 /* MyGameUITests */,
			);
		};
/* End PBXProject section */

/* Begin PBXResourcesBuildPhase section */
		15C79F252106551C006AB4A9 /* Resources */ = {
			isa = PBXResourcesBuildPhase;
			buildActionMask = 2147483647;
			files = (
				15C79F362106551C006AB4A9 /* Main.storyboard in Resources */,
				15C79F2D2106551C006AB4A9 /* GameScene.sks in Resources */,
				15C79F382106551D006AB4A9 /* Assets.xcassets in Resources */,
				15C79F3B2106551D006AB4A9 /* LaunchScreen.storyboard in Resources */,
				15C79F2F2106551C006AB4A9 /* Actions.sks in Resources */,
			);
			runOnlyForDeploymentPostprocessing = 0;
		};
		15C79F3F2106551E006AB4A9 /* Resources */ = {
			isa = PBXResourcesBuildPhase;
			buildActionMask = 2147483647;
			files = (
			);
			runOnlyForDeploymentPostprocessing = 0;
		};
		15C79F4A2106551E006AB4A9 /* Resources */ = {
			isa = PBXResourcesBuildPhase;
			buildActionMask = 2147483647;
			files = (
			);
			runOnlyForDeploymentPostprocessing = 0;
		};
/* End PBXResourcesBuildPhase section */

/* Begin PBXSourcesBuildPhase section */
		15C79F232106551C006AB4A9 /* Sources */ = {
			isa = PBXSourcesBuildPhase;
			buildActionMask = 2147483647;
			files = (
				15C79F312106551C006AB4A9 /* GameScene.swift in Sources */,
				15C79F332106551C006AB4A9 /* GameViewController.swift in Sources */,
				1557785A2159F390008D8B9F /* Alerts.swift in Sources */,
				15C79F2B2106551C006AB4A9 /* AppDelegate.swift in Sources */,
			);
			runOnlyForDeploymentPostprocessing = 0;
		};
		15C79F3D2106551E006AB4A9 /* Sources */ = {
			isa = PBXSourcesBuildPhase;
			buildActionMask = 2147483647;
			files = (
				15C79F462106551E006AB4A9 /* MyGameTests.swift in Sources */,
			);
			runOnlyForDeploymentPostprocessing = 0;
		};
		15C79F482106551E006AB4A9 /* Sources */ = {
			isa = PBXSourcesBuildPhase;
			buildActionMask = 2147483647;
			files = (
				15C79F512106551E006AB4A9 /* MyGameUITests.swift in Sources */,
			);
			runOnlyForDeploymentPostprocessing = 0;
		};
/* End PBXSourcesBuildPhase section */

/* Begin PBXTargetDependency section */
		15C79F432106551E006AB4A9 /* PBXTargetDependency */ = {
			isa = PBXTargetDependency;
			target = 15C79F262106551C006AB4A9 /* MyGame */;
			targetProxy = 15C79F422106551E006AB4A9 /* PBXContainerItemProxy */;
		};
		15C79F4E2106551E006AB4A9 /* PBXTargetDependency */ = {
			isa = PBXTargetDependency;
			target = 15C79F262106551C006AB4A9 /* MyGame */;
			targetProxy = 15C79F4D2106551E006AB4A9 /* PBXContainerItemProxy */;
		};
/* End PBXTargetDependency section */

/* Begin PBXVariantGroup section */
		15C79F342106551C006AB4A9 /* Main.storyboard */ = {
			isa = PBXVariantGroup;
			children = (
				15C79F352106551C006AB4A9 /* Base */,
			);
			name = Main.storyboard;
			sourceTree = "<group>";
		};
		15C79F392106551D006AB4A9 /* LaunchScreen.storyboard */ = {
			isa = PBXVariantGroup;
			children = (
				15C79F3A2106551D006AB4A9 /* Base */,
			);
			name = LaunchScreen.storyboard;
			sourceTree = "<group>";
		};
/* End PBXVariantGroup section */

/* Begin XCBuildConfiguration section */
		15C79F532106551E006AB4A9 /* Debug */ = {
			isa = XCBuildConfiguration;
			buildSettings = {
				ALWAYS_SEARCH_USER_PATHS = NO;
				CLANG_ANALYZER_NONNULL = YES;
				CLANG_ANALYZER_NUMBER_OBJECT_CONVERSION = YES_AGGRESSIVE;
				CLANG_CXX_LANGUAGE_STANDARD = "gnu++14";
				CLANG_CXX_LIBRARY = "libc++";
				CLANG_ENABLE_MODULES = YES;
				CLANG_ENABLE_OBJC_ARC = YES;
				CLANG_ENABLE_OBJC_WEAK = YES;
				CLANG_WARN_BLOCK_CAPTURE_AUTORELEASING = YES;
				CLANG_WARN_BOOL_CONVERSION = YES;
				CLANG_WARN_COMMA = YES;
				CLANG_WARN_CONSTANT_CONVERSION = YES;
				CLANG_WARN_DEPRECATED_OBJC_IMPLEMENTATIONS = YES;
				CLANG_WARN_DIRECT_OBJC_ISA_USAGE = YES_ERROR;
				CLANG_WARN_DOCUMENTATION_COMMENTS = YES;
				CLANG_WARN_EMPTY_BODY = YES;
				CLANG_WARN_ENUM_CONVERSION = YES;
				CLANG_WARN_INFINITE_RECURSION = YES;
				CLANG_WARN_INT_CONVERSION = YES;
				CLANG_WARN_NON_LITERAL_NULL_CONVERSION = YES;
				CLANG_WARN_OBJC_IMPLICIT_RETAIN_SELF = YES;
				CLANG_WARN_OBJC_LITERAL_CONVERSION = YES;
				CLANG_WARN_OBJC_ROOT_CLASS = YES_ERROR;
				CLANG_WARN_RANGE_LOOP_ANALYSIS = YES;
				CLANG_WARN_STRICT_PROTOTYPES = YES;
				CLANG_WARN_SUSPICIOUS_MOVE = YES;
				CLANG_WARN_UNGUARDED_AVAILABILITY = YES_AGGRESSIVE;
				CLANG_WARN_UNREACHABLE_CODE = YES;
				CLANG_WARN__DUPLICATE_METHOD_MATCH = YES;
				CODE_SIGN_IDENTITY = "iPhone Developer";
				COPY_PHASE_STRIP = NO;
				DEBUG_INFORMATION_FORMAT = dwarf;
				ENABLE_STRICT_OBJC_MSGSEND = YES;
				ENABLE_TESTABILITY = YES;
				GCC_C_LANGUAGE_STANDARD = gnu11;
				GCC_DYNAMIC_NO_PIC = NO;
				GCC_NO_COMMON_BLOCKS = YES;
				GCC_OPTIMIZATION_LEVEL = 0;
				GCC_PREPROCESSOR_DEFINITIONS = (
					"DEBUG=1",
					"$(inherited)",
				);
				GCC_WARN_64_TO_32_BIT_CONVERSION = YES;
				GCC_WARN_ABOUT_RETURN_TYPE = YES_ERROR;
				GCC_WARN_UNDECLARED_SELECTOR = YES;
				GCC_WARN_UNINITIALIZED_AUTOS = YES_AGGRESSIVE;
				GCC_WARN_UNUSED_FUNCTION = YES;
				GCC_WARN_UNUSED_VARIABLE = YES;
				IPHONEOS_DEPLOYMENT_TARGET = 11.4;
				MTL_ENABLE_DEBUG_INFO = YES;
				ONLY_ACTIVE_ARCH = YES;
				SDKROOT = iphoneos;
				SWIFT_ACTIVE_COMPILATION_CONDITIONS = DEBUG;
				SWIFT_OPTIMIZATION_LEVEL = "-Onone";
			};
			name = Debug;
		};
		15C79F542106551E006AB4A9 /* Release */ = {
			isa = XCBuildConfiguration;
			buildSettings = {
				ALWAYS_SEARCH_USER_PATHS = NO;
				CLANG_ANALYZER_NONNULL = YES;
				CLANG_ANALYZER_NUMBER_OBJECT_CONVERSION = YES_AGGRESSIVE;
				CLANG_CXX_LANGUAGE_STANDARD = "gnu++14";
				CLANG_CXX_LIBRARY = "libc++";
				CLANG_ENABLE_MODULES = YES;
				CLANG_ENABLE_OBJC_ARC = YES;
				CLANG_ENABLE_OBJC_WEAK = YES;
				CLANG_WARN_BLOCK_CAPTURE_AUTORELEASING = YES;
				CLANG_WARN_BOOL_CONVERSION = YES;
				CLANG_WARN_COMMA = YES;
				CLANG_WARN_CONSTANT_CONVERSION = YES;
				CLANG_WARN_DEPRECATED_OBJC_IMPLEMENTATIONS = YES;
				CLANG_WARN_DIRECT_OBJC_ISA_USAGE = YES_ERROR;
				CLANG_WARN_DOCUMENTATION_COMMENTS = YES;
				CLANG_WARN_EMPTY_BODY = YES;
				CLANG_WARN_ENUM_CONVERSION = YES;
				CLANG_WARN_INFINITE_RECURSION = YES;
				CLANG_WARN_INT_CONVERSION = YES;
				CLANG_WARN_NON_LITERAL_NULL_CONVERSION = YES;
				CLANG_WARN_OBJC_IMPLICIT_RETAIN_SELF = YES;
				CLANG_WARN_OBJC_LITERAL_CONVERSION = YES;
				CLANG_WARN_OBJC_ROOT_CLASS = YES_ERROR;
				CLANG_WARN_RANGE_LOOP_ANALYSIS = YES;
				CLANG_WARN_STRICT_PROTOTYPES = YES;
				CLANG_WARN_SUSPICIOUS_MOVE = YES;
				CLANG_WARN_UNGUARDED_AVAILABILITY = YES_AGGRESSIVE;
				CLANG_WARN_UNREACHABLE_CODE = YES;
				CLANG_WARN__DUPLICATE_METHOD_MATCH = YES;
				CODE_SIGN_IDENTITY = "iPhone Developer";
				COPY_PHASE_STRIP = NO;
				DEBUG_INFORMATION_FORMAT = "dwarf-with-dsym";
				ENABLE_NS_ASSERTIONS = NO;
				ENABLE_STRICT_OBJC_MSGSEND = YES;
				GCC_C_LANGUAGE_STANDARD = gnu11;
				GCC_NO_COMMON_BLOCKS = YES;
				GCC_WARN_64_TO_32_BIT_CONVERSION = YES;
				GCC_WARN_ABOUT_RETURN_TYPE = YES_ERROR;
				GCC_WARN_UNDECLARED_SELECTOR = YES;
				GCC_WARN_UNINITIALIZED_AUTOS = YES_AGGRESSIVE;
				GCC_WARN_UNUSED_FUNCTION = YES;
				GCC_WARN_UNUSED_VARIABLE = YES;
				IPHONEOS_DEPLOYMENT_TARGET = 11.4;
				MTL_ENABLE_DEBUG_INFO = NO;
				SDKROOT = iphoneos;
				SWIFT_COMPILATION_MODE = wholemodule;
				SWIFT_OPTIMIZATION_LEVEL = "-O";
				VALIDATE_PRODUCT = YES;
			};
			name = Release;
		};
		15C79F562106551E006AB4A9 /* Debug */ = {
			isa = XCBuildConfiguration;
			buildSettings = {
				ASSETCATALOG_COMPILER_APPICON_NAME = AppIcon;
				CODE_SIGN_STYLE = Automatic;
				INFOPLIST_FILE = MyGame/Info.plist;
				LD_RUNPATH_SEARCH_PATHS = (
					"$(inherited)",
					"@executable_path/Frameworks",
				);
				PRODUCT_BUNDLE_IDENTIFIER = PNAD.MyGame;
				PRODUCT_NAME = "$(TARGET_NAME)";
				SWIFT_VERSION = 4.2;
				TARGETED_DEVICE_FAMILY = "1,2";
			};
			name = Debug;
		};
		15C79F572106551E006AB4A9 /* Release */ = {
			isa = XCBuildConfiguration;
			buildSettings = {
				ASSETCATALOG_COMPILER_APPICON_NAME = AppIcon;
				CODE_SIGN_STYLE = Automatic;
				INFOPLIST_FILE = MyGame/Info.plist;
				LD_RUNPATH_SEARCH_PATHS = (
					"$(inherited)",
					"@executable_path/Frameworks",
				);
				PRODUCT_BUNDLE_IDENTIFIER = PNAD.MyGame;
				PRODUCT_NAME = "$(TARGET_NAME)";
				SWIFT_VERSION = 4.2;
				TARGETED_DEVICE_FAMILY = "1,2";
			};
			name = Release;
		};
		15C79F592106551E006AB4A9 /* Debug */ = {
			isa = XCBuildConfiguration;
			buildSettings = {
				ALWAYS_EMBED_SWIFT_STANDARD_LIBRARIES = YES;
				BUNDLE_LOADER = "$(TEST_HOST)";
				CODE_SIGN_STYLE = Automatic;
				INFOPLIST_FILE = MyGameTests/Info.plist;
				LD_RUNPATH_SEARCH_PATHS = (
					"$(inherited)",
					"@executable_path/Frameworks",
					"@loader_path/Frameworks",
				);
				PRODUCT_BUNDLE_IDENTIFIER = PNAD.MyGameTests;
				PRODUCT_NAME = "$(TARGET_NAME)";
				SWIFT_VERSION = 4.2;
				TARGETED_DEVICE_FAMILY = "1,2";
				TEST_HOST = "$(BUILT_PRODUCTS_DIR)/MyGame.app/MyGame";
			};
			name = Debug;
		};
		15C79F5A2106551E006AB4A9 /* Release */ = {
			isa = XCBuildConfiguration;
			buildSettings = {
				ALWAYS_EMBED_SWIFT_STANDARD_LIBRARIES = YES;
				BUNDLE_LOADER = "$(TEST_HOST)";
				CODE_SIGN_STYLE = Automatic;
				INFOPLIST_FILE = MyGameTests/Info.plist;
				LD_RUNPATH_SEARCH_PATHS = (
					"$(inherited)",
					"@executable_path/Frameworks",
					"@loader_path/Frameworks",
				);
				PRODUCT_BUNDLE_IDENTIFIER = PNAD.MyGameTests;
				PRODUCT_NAME = "$(TARGET_NAME)";
				SWIFT_VERSION = 4.2;
				TARGETED_DEVICE_FAMILY = "1,2";
				TEST_HOST = "$(BUILT_PRODUCTS_DIR)/MyGame.app/MyGame";
			};
			name = Release;
		};
		15C79F5C2106551E006AB4A9 /* Debug */ = {
			isa = XCBuildConfiguration;
			buildSettings = {
				ALWAYS_EMBED_SWIFT_STANDARD_LIBRARIES = YES;
				CODE_SIGN_STYLE = Automatic;
				INFOPLIST_FILE = MyGameUITests/Info.plist;
				LD_RUNPATH_SEARCH_PATHS = (
					"$(inherited)",
					"@executable_path/Frameworks",
					"@loader_path/Frameworks",
				);
				PRODUCT_BUNDLE_IDENTIFIER = PNAD.MyGameUITests;
				PRODUCT_NAME = "$(TARGET_NAME)";
				SWIFT_VERSION = 4.2;
				TARGETED_DEVICE_FAMILY = "1,2";
				TEST_TARGET_NAME = MyGame;
			};
			name = Debug;
		};
		15C79F5D2106551E006AB4A9 /* Release */ = {
			isa = XCBuildConfiguration;
			buildSettings = {
				ALWAYS_EMBED_SWIFT_STANDARD_LIBRARIES = YES;
				CODE_SIGN_STYLE = Automatic;
				INFOPLIST_FILE = MyGameUITests/Info.plist;
				LD_RUNPATH_SEARCH_PATHS = (
					"$(inherited)",
					"@executable_path/Frameworks",
					"@loader_path/Frameworks",
				);
				PRODUCT_BUNDLE_IDENTIFIER = PNAD.MyGameUITests;
				PRODUCT_NAME = "$(TARGET_NAME)";
				SWIFT_VERSION = 4.2;
				TARGETED_DEVICE_FAMILY = "1,2";
				TEST_TARGET_NAME = MyGame;
			};
			name = Release;
		};
/* End XCBuildConfiguration section */

/* Begin XCConfigurationList section */
		15C79F222106551C006AB4A9 /* Build configuration list for PBXProject "MyGame" */ = {
			isa = XCConfigurationList;
			buildConfigurations = (
				15C79F532106551E006AB4A9 /* Debug */,
				15C79F542106551E006AB4A9 /* Release */,
			);
			defaultConfigurationIsVisible = 0;
			defaultConfigurationName = Release;
		};
		15C79F552106551E006AB4A9 /* Build configuration list for PBXNativeTarget "MyGame" */ = {
			isa = XCConfigurationList;
			buildConfigurations = (
				15C79F562106551E006AB4A9 /* Debug */,
				15C79F572106551E006AB4A9 /* Release */,
			);
			defaultConfigurationIsVisible = 0;
			defaultConfigurationName = Release;
		};
		15C79F582106551E006AB4A9 /* Build configuration list for PBXNativeTarget "MyGameTests" */ = {
			isa = XCConfigurationList;
			buildConfigurations = (
				15C79F592106551E006AB4A9 /* Debug */,
				15C79F5A2106551E006AB4A9 /* Release */,
			);
			defaultConfigurationIsVisible = 0;
			defaultConfigurationName = Release;
		};
		15C79F5B2106551E006AB4A9 /* Build configuration list for PBXNativeTarget "MyGameUITests" */ = {
			isa = XCConfigurationList;
			buildConfigurations = (
				15C79F5C2106551E006AB4A9 /* Debug */,
				15C79F5D2106551E006AB4A9 /* Release */,
			);
			defaultConfigurationIsVisible = 0;
			defaultConfigurationName = Release;
		};
/* End XCConfigurationList section */
	};
	rootObject = 15C79F1F2106551C006AB4A9 /* Project object */;
}
